
Microsoft Visual Studio Solution File, Format Version 12.00
Project("{2150E333-8FDC-42A3-9474-1A3956D46DE8}") = "src", "src", "{B8D70E25-41A0-474B-9DC8-E79F07EDEC43}"
EndProject
Project("{FAE04EC0-301F-11D3-BF4B-00C04F79EFBC}") = "Api", "src\Api\Api.csproj", "{11C1CF5C-D666-4DAE-815A-89B91E80933E}"
EndProject
Global
	GlobalSection(SolutionConfigurationPlatforms) = preSolution
		Debug|Any CPU = Debug|Any CPU
		Release|Any CPU = Release|Any CPU
	EndGlobalSection
	GlobalSection(ProjectConfigurationPlatforms) = postSolution
		{11C1CF5C-D666-4DAE-815A-89B91E80933E}.Debug|Any CPU.ActiveCfg = Debug|Any CPU
		{11C1CF5C-D666-4DAE-815A-89B91E80933E}.Debug|Any CPU.Build.0 = Debug|Any CPU
		{11C1CF5C-D666-4DAE-815A-89B91E80933E}.Release|Any CPU.ActiveCfg = Release|Any CPU
		{11C1CF5C-D666-4DAE-815A-89B91E80933E}.Release|Any CPU.Build.0 = Release|Any CPU
	EndGlobalSection
	GlobalSection(NestedProjects) = preSolution
		{11C1CF5C-D666-4DAE-815A-89B91E80933E} = {B8D70E25-41A0-474B-9DC8-E79F07EDEC43}
	EndGlobalSection
EndGlobal
